// !$*UTF8*$!
{
	archiveVersion = 1;
	classes = {
	};
	objectVersion = 55;
	objects = {

/* Begin PBXBuildFile section */
		DBF7DEFC274DE96600F9F28F /* AppDelegate.swift in Sources */ = {isa = PBXBuildFile; fileRef = DBF7DEFB274DE96600F9F28F /* AppDelegate.swift */; };
		DBF7DEFE274DE96600F9F28F /* SceneDelegate.swift in Sources */ = {isa = PBXBuildFile; fileRef = DBF7DEFD274DE96600F9F28F /* SceneDelegate.swift */; };
		DBF7DF00274DE96600F9F28F /* ViewController.swift in Sources */ = {isa = PBXBuildFile; fileRef = DBF7DEFF274DE96600F9F28F /* ViewController.swift */; };
		DBF7DF03274DE96600F9F28F /* Main.storyboard in Resources */ = {isa = PBXBuildFile; fileRef = DBF7DF01274DE96600F9F28F /* Main.storyboard */; };
		DBF7DF05274DE96600F9F28F /* Assets.xcassets in Resources */ = {isa = PBXBuildFile; fileRef = DBF7DF04274DE96600F9F28F /* Assets.xcassets */; };
		DBF7DF08274DE96600F9F28F /* LaunchScreen.storyboard in Resources */ = {isa = PBXBuildFile; fileRef = DBF7DF06274DE96600F9F28F /* LaunchScreen.storyboard */; };
		DBF7DF12274DED3700F9F28F /* DiaryCell.swift in Sources */ = {isa = PBXBuildFile; fileRef = DBF7DF11274DED3700F9F28F /* DiaryCell.swift */; };
		DBF7DF14274DEDA500F9F28F /* StarViewController.swift in Sources */ = {isa = PBXBuildFile; fileRef = DBF7DF13274DEDA500F9F28F /* StarViewController.swift */; };
		DBF7DF16274DEF5700F9F28F /* StarCell.swift in Sources */ = {isa = PBXBuildFile; fileRef = DBF7DF15274DEF5700F9F28F /* StarCell.swift */; };
		DBF7DF18274DF14C00F9F28F /* WriteDiaryViewController.swift in Sources */ = {isa = PBXBuildFile; fileRef = DBF7DF17274DF14C00F9F28F /* WriteDiaryViewController.swift */; };
		DBF7DF1A274DF1AC00F9F28F /* DiaryDetailViewController.swift in Sources */ = {isa = PBXBuildFile; fileRef = DBF7DF19274DF1AC00F9F28F /* DiaryDetailViewController.swift */; };
/* End PBXBuildFile section */

/* Begin PBXFileReference section */
		DBF7DEF8274DE96600F9F28F /* Diary.app */ = {isa = PBXFileReference; explicitFileType = wrapper.application; includeInIndex = 0; path = Diary.app; sourceTree = BUILT_PRODUCTS_DIR; };
		DBF7DEFB274DE96600F9F28F /* AppDelegate.swift */ = {isa = PBXFileReference; lastKnownFileType = sourcecode.swift; path = AppDelegate.swift; sourceTree = "<group>"; };
		DBF7DEFD274DE96600F9F28F /* SceneDelegate.swift */ = {isa = PBXFileReference; lastKnownFileType = sourcecode.swift; path = SceneDelegate.swift; sourceTree = "<group>"; };
		DBF7DEFF274DE96600F9F28F /* ViewController.swift */ = {isa = PBXFileReference; lastKnownFileType = sourcecode.swift; path = ViewController.swift; sourceTree = "<group>"; };
		DBF7DF02274DE96600F9F28F /* Base */ = {isa = PBXFileReference; lastKnownFileType = file.storyboard; name = Base; path = Base.lproj/Main.storyboard; sourceTree = "<group>"; };
		DBF7DF04274DE96600F9F28F /* Assets.xcassets */ = {isa = PBXFileReference; lastKnownFileType = folder.assetcatalog; path = Assets.xcassets; sourceTree = "<group>"; };
		DBF7DF07274DE96600F9F28F /* Base */ = {isa = PBXFileReference; lastKnownFileType = file.storyboard; name = Base; path = Base.lproj/LaunchScreen.storyboard; sourceTree = "<group>"; };
		DBF7DF09274DE96600F9F28F /* Info.plist */ = {isa = PBXFileReference; lastKnownFileType = text.plist.xml; path = Info.plist; sourceTree = "<group>"; };
		DBF7DF11274DED3700F9F28F /* DiaryCell.swift */ = {isa = PBXFileReference; lastKnownFileType = sourcecode.swift; path = DiaryCell.swift; sourceTree = "<group>"; };
		DBF7DF13274DEDA500F9F28F /* StarViewController.swift */ = {isa = PBXFileReference; lastKnownFileType = sourcecode.swift; path = StarViewController.swift; sourceTree = "<group>"; };
		DBF7DF15274DEF5700F9F28F /* StarCell.swift */ = {isa = PBXFileReference; lastKnownFileType = sourcecode.swift; path = StarCell.swift; sourceTree = "<group>"; };
		DBF7DF17274DF14C00F9F28F /* WriteDiaryViewController.swift */ = {isa = PBXFileReference; lastKnownFileType = sourcecode.swift; path = WriteDiaryViewController.swift; sourceTree = "<group>"; };
		DBF7DF19274DF1AC00F9F28F /* DiaryDetailViewController.swift */ = {isa = PBXFileReference; lastKnownFileType = sourcecode.swift; path = DiaryDetailViewController.swift; sourceTree = "<group>"; };
/* End PBXFileReference section */

/* Begin PBXFrameworksBuildPhase section */
		DBF7DEF5274DE96600F9F28F /* Frameworks */ = {
			isa = PBXFrameworksBuildPhase;
			buildActionMask = 2147483647;
			files = (
			);
			runOnlyForDeploymentPostprocessing = 0;
		};
/* End PBXFrameworksBuildPhase section */

/* Begin PBXGroup section */
		DBF7DEEF274DE96600F9F28F = {
			isa = PBXGroup;
			children = (
				DBF7DEFA274DE96600F9F28F /* Diary */,
				DBF7DEF9274DE96600F9F28F /* Products */,
			);
			sourceTree = "<group>";
		};
		DBF7DEF9274DE96600F9F28F /* Products */ = {
			isa = PBXGroup;
			children = (
				DBF7DEF8274DE96600F9F28F /* Diary.app */,
			);
			name = Products;
			sourceTree = "<group>";
		};
		DBF7DEFA274DE96600F9F28F /* Diary */ = {
			isa = PBXGroup;
			children = (
				DBF7DEFB274DE96600F9F28F /* AppDelegate.swift */,
				DBF7DEFD274DE96600F9F28F /* SceneDelegate.swift */,
				DBF7DEFF274DE96600F9F28F /* ViewController.swift */,
				DBF7DF01274DE96600F9F28F /* Main.storyboard */,
				DBF7DF04274DE96600F9F28F /* Assets.xcassets */,
				DBF7DF06274DE96600F9F28F /* LaunchScreen.storyboard */,
				DBF7DF09274DE96600F9F28F /* Info.plist */,
				DBF7DF11274DED3700F9F28F /* DiaryCell.swift */,
				DBF7DF13274DEDA500F9F28F /* StarViewController.swift */,
				DBF7DF15274DEF5700F9F28F /* StarCell.swift */,
				DBF7DF17274DF14C00F9F28F /* WriteDiaryViewController.swift */,
				DBF7DF19274DF1AC00F9F28F /* DiaryDetailViewController.swift */,
			);
			path = Diary;
			sourceTree = "<group>";
		};
/* End PBXGroup section */

/* Begin PBXNativeTarget section */
		DBF7DEF7274DE96600F9F28F /* Diary */ = {
			isa = PBXNativeTarget;
			buildConfigurationList = DBF7DF0C274DE96600F9F28F /* Build configuration list for PBXNativeTarget "Diary" */;
			buildPhases = (
				DBF7DEF4274DE96600F9F28F /* Sources */,
				DBF7DEF5274DE96600F9F28F /* Frameworks */,
				DBF7DEF6274DE96600F9F28F /* Resources */,
			);
			buildRules = (
			);
			dependencies = (
			);
			name = Diary;
			productName = Diary;
			productReference = DBF7DEF8274DE96600F9F28F /* Diary.app */;
			productType = "com.apple.product-type.application";
		};
/* End PBXNativeTarget section */

/* Begin PBXProject section */
		DBF7DEF0274DE96600F9F28F /* Project object */ = {
			isa = PBXProject;
			attributes = {
				BuildIndependentTargetsInParallel = 1;
				LastSwiftUpdateCheck = 1310;
				LastUpgradeCheck = 1310;
				TargetAttributes = {
					DBF7DEF7274DE96600F9F28F = {
						CreatedOnToolsVersion = 13.1;
					};
				};
			};
			buildConfigurationList = DBF7DEF3274DE96600F9F28F /* Build configuration list for PBXProject "Diary" */;
			compatibilityVersion = "Xcode 13.0";
			developmentRegion = en;
			hasScannedForEncodings = 0;
			knownRegions = (
				en,
				Base,
			);
			mainGroup = DBF7DEEF274DE96600F9F28F;
			productRefGroup = DBF7DEF9274DE96600F9F28F /* Products */;
			projectDirPath = "";
			projectRoot = "";
			targets = (
				DBF7DEF7274DE96600F9F28F /* Diary */,
			);
		};
/* End PBXProject section */

/* Begin PBXResourcesBuildPhase section */
		DBF7DEF6274DE96600F9F28F /* Resources */ = {
			isa = PBXResourcesBuildPhase;
			buildActionMask = 2147483647;
			files = (
				DBF7DF08274DE96600F9F28F /* LaunchScreen.storyboard in Resources */,
				DBF7DF05274DE96600F9F28F /* Assets.xcassets in Resources */,
				DBF7DF03274DE96600F9F28F /* Main.storyboard in Resources */,
			);
			runOnlyForDeploymentPostprocessing = 0;
		};
/* End PBXResourcesBuildPhase section */

/* Begin PBXSourcesBuildPhase section */
		DBF7DEF4274DE96600F9F28F /* Sources */ = {
			isa = PBXSourcesBuildPhase;
			buildActionMask = 2147483647;
			files = (
				DBF7DF00274DE96600F9F28F /* ViewController.swift in Sources */,
				DBF7DF18274DF14C00F9F28F /* WriteDiaryViewController.swift in Sources */,
				DBF7DF16274DEF5700F9F28F /* StarCell.swift in Sources */,
				DBF7DEFC274DE96600F9F28F /* AppDelegate.swift in Sources */,
				DBF7DEFE274DE96600F9F28F /* SceneDelegate.swift in Sources */,
				DBF7DF1A274DF1AC00F9F28F /* DiaryDetailViewController.swift in Sources */,
				DBF7DF12274DED3700F9F28F /* DiaryCell.swift in Sources */,
				DBF7DF14274DEDA500F9F28F /* StarViewController.swift in Sources */,
			);
			runOnlyForDeploymentPostprocessing = 0;
		};
/* End PBXSourcesBuildPhase section */

/* Begin PBXVariantGroup section */
		DBF7DF01274DE96600F9F28F /* Main.storyboard */ = {
			isa = PBXVariantGroup;
			children = (
				DBF7DF02274DE96600F9F28F /* Base */,
			);
			name = Main.storyboard;
			sourceTree = "<group>";
		};
		DBF7DF06274DE96600F9F28F /* LaunchScreen.storyboard */ = {
			isa = PBXVariantGroup;
			children = (
				DBF7DF07274DE96600F9F28F /* Base */,
			);
			name = LaunchScreen.storyboard;
			sourceTree = "<group>";
		};
/* End PBXVariantGroup section */

/* Begin XCBuildConfiguration section */
		DBF7DF0A274DE96600F9F28F /* Debug */ = {
			isa = XCBuildConfiguration;
			buildSettings = {
				ALWAYS_SEARCH_USER_PATHS = NO;
				CLANG_ANALYZER_NONNULL = YES;
				CLANG_ANALYZER_NUMBER_OBJECT_CONVERSION = YES_AGGRESSIVE;
				CLANG_CXX_LANGUAGE_STANDARD = "gnu++17";
				CLANG_CXX_LIBRARY = "libc++";
				CLANG_ENABLE_MODULES = YES;
				CLANG_ENABLE_OBJC_ARC = YES;
				CLANG_ENABLE_OBJC_WEAK = YES;
				CLANG_WARN_BLOCK_CAPTURE_AUTORELEASING = YES;
				CLANG_WARN_BOOL_CONVERSION = YES;
				CLANG_WARN_COMMA = YES;
				CLANG_WARN_CONSTANT_CONVERSION = YES;
				CLANG_WARN_DEPRECATED_OBJC_IMPLEMENTATIONS = YES;
				CLANG_WARN_DIRECT_OBJC_ISA_USAGE = YES_ERROR;
				CLANG_WARN_DOCUMENTATION_COMMENTS = YES;
				CLANG_WARN_EMPTY_BODY = YES;
				CLANG_WARN_ENUM_CONVERSION = YES;
				CLANG_WARN_INFINITE_RECURSION = YES;
				CLANG_WARN_INT_CONVERSION = YES;
				CLANG_WARN_NON_LITERAL_NULL_CONVERSION = YES;
				CLANG_WARN_OBJC_IMPLICIT_RETAIN_SELF = YES;
				CLANG_WARN_OBJC_LITERAL_CONVERSION = YES;
				CLANG_WARN_OBJC_ROOT_CLASS = YES_ERROR;
				CLANG_WARN_QUOTED_INCLUDE_IN_FRAMEWORK_HEADER = YES;
				CLANG_WARN_RANGE_LOOP_ANALYSIS = YES;
				CLANG_WARN_STRICT_PROTOTYPES = YES;
				CLANG_WARN_SUSPICIOUS_MOVE = YES;
				CLANG_WARN_UNGUARDED_AVAILABILITY = YES_AGGRESSIVE;
				CLANG_WARN_UNREACHABLE_CODE = YES;
				CLANG_WARN__DUPLICATE_METHOD_MATCH = YES;
				COPY_PHASE_STRIP = NO;
				DEBUG_INFORMATION_FORMAT = dwarf;
				ENABLE_STRICT_OBJC_MSGSEND = YES;
				ENABLE_TESTABILITY = YES;
				GCC_C_LANGUAGE_STANDARD = gnu11;
				GCC_DYNAMIC_NO_PIC = NO;
				GCC_NO_COMMON_BLOCKS = YES;
				GCC_OPTIMIZATION_LEVEL = 0;
				GCC_PREPROCESSOR_DEFINITIONS = (
					"DEBUG=1",
					"$(inherited)",
				);
				GCC_WARN_64_TO_32_BIT_CONVERSION = YES;
				GCC_WARN_ABOUT_RETURN_TYPE = YES_ERROR;
				GCC_WARN_UNDECLARED_SELECTOR = YES;
				GCC_WARN_UNINITIALIZED_AUTOS = YES_AGGRESSIVE;
				GCC_WARN_UNUSED_FUNCTION = YES;
				GCC_WARN_UNUSED_VARIABLE = YES;
				IPHONEOS_DEPLOYMENT_TARGET = 15.0;
				MTL_ENABLE_DEBUG_INFO = INCLUDE_SOURCE;
				MTL_FAST_MATH = YES;
				ONLY_ACTIVE_ARCH = YES;
				SDKROOT = iphoneos;
				SWIFT_ACTIVE_COMPILATION_CONDITIONS = DEBUG;
				SWIFT_OPTIMIZATION_LEVEL = "-Onone";
			};
			name = Debug;
		};
		DBF7DF0B274DE96600F9F28F /* Release */ = {
			isa = XCBuildConfiguration;
			buildSettings = {
				ALWAYS_SEARCH_USER_PATHS = NO;
				CLANG_ANALYZER_NONNULL = YES;
				CLANG_ANALYZER_NUMBER_OBJECT_CONVERSION = YES_AGGRESSIVE;
				CLANG_CXX_LANGUAGE_STANDARD = "gnu++17";
				CLANG_CXX_LIBRARY = "libc++";
				CLANG_ENABLE_MODULES = YES;
				CLANG_ENABLE_OBJC_ARC = YES;
				CLANG_ENABLE_OBJC_WEAK = YES;
				CLANG_WARN_BLOCK_CAPTURE_AUTORELEASING = YES;
				CLANG_WARN_BOOL_CONVERSION = YES;
				CLANG_WARN_COMMA = YES;
				CLANG_WARN_CONSTANT_CONVERSION = YES;
				CLANG_WARN_DEPRECATED_OBJC_IMPLEMENTATIONS = YES;
				CLANG_WARN_DIRECT_OBJC_ISA_USAGE = YES_ERROR;
				CLANG_WARN_DOCUMENTATION_COMMENTS = YES;
				CLANG_WARN_EMPTY_BODY = YES;
				CLANG_WARN_ENUM_CONVERSION = YES;
				CLANG_WARN_INFINITE_RECURSION = YES;
				CLANG_WARN_INT_CONVERSION = YES;
				CLANG_WARN_NON_LITERAL_NULL_CONVERSION = YES;
				CLANG_WARN_OBJC_IMPLICIT_RETAIN_SELF = YES;
				CLANG_WARN_OBJC_LITERAL_CONVERSION = YES;
				CLANG_WARN_OBJC_ROOT_CLASS = YES_ERROR;
				CLANG_WARN_QUOTED_INCLUDE_IN_FRAMEWORK_HEADER = YES;
				CLANG_WARN_RANGE_LOOP_ANALYSIS = YES;
				CLANG_WARN_STRICT_PROTOTYPES = YES;
				CLANG_WARN_SUSPICIOUS_MOVE = YES;
				CLANG_WARN_UNGUARDED_AVAILABILITY = YES_AGGRESSIVE;
				CLANG_WARN_UNREACHABLE_CODE = YES;
				CLANG_WARN__DUPLICATE_METHOD_MATCH = YES;
				COPY_PHASE_STRIP = NO;
				DEBUG_INFORMATION_FORMAT = "dwarf-with-dsym";
				ENABLE_NS_ASSERTIONS = NO;
				ENABLE_STRICT_OBJC_MSGSEND = YES;
				GCC_C_LANGUAGE_STANDARD = gnu11;
				GCC_NO_COMMON_BLOCKS = YES;
				GCC_WARN_64_TO_32_BIT_CONVERSION = YES;
				GCC_WARN_ABOUT_RETURN_TYPE = YES_ERROR;
				GCC_WARN_UNDECLARED_SELECTOR = YES;
				GCC_WARN_UNINITIALIZED_AUTOS = YES_AGGRESSIVE;
				GCC_WARN_UNUSED_FUNCTION = YES;
				GCC_WARN_UNUSED_VARIABLE = YES;
				IPHONEOS_DEPLOYMENT_TARGET = 15.0;
				MTL_ENABLE_DEBUG_INFO = NO;
				MTL_FAST_MATH = YES;
				SDKROOT = iphoneos;
				SWIFT_COMPILATION_MODE = wholemodule;
				SWIFT_OPTIMIZATION_LEVEL = "-O";
				VALIDATE_PRODUCT = YES;
			};
			name = Release;
		};
		DBF7DF0D274DE96600F9F28F /* Debug */ = {
			isa = XCBuildConfiguration;
			buildSettings = {
				ASSETCATALOG_COMPILER_APPICON_NAME = AppIcon;
				ASSETCATALOG_COMPILER_GLOBAL_ACCENT_COLOR_NAME = AccentColor;
				CODE_SIGN_STYLE = Automatic;
				CURRENT_PROJECT_VERSION = 1;
				DEVELOPMENT_TEAM = H95MAPX5SG;
				GENERATE_INFOPLIST_FILE = YES;
				INFOPLIST_FILE = Diary/Info.plist;
				INFOPLIST_KEY_UIApplicationSupportsIndirectInputEvents = YES;
				INFOPLIST_KEY_UILaunchStoryboardName = LaunchScreen;
				INFOPLIST_KEY_UIMainStoryboardFile = Main;
				INFOPLIST_KEY_UISupportedInterfaceOrientations_iPad = "UIInterfaceOrientationPortrait UIInterfaceOrientationPortraitUpsideDown UIInterfaceOrientationLandscapeLeft UIInterfaceOrientationLandscapeRight";
				INFOPLIST_KEY_UISupportedInterfaceOrientations_iPhone = "UIInterfaceOrientationPortrait UIInterfaceOrientationLandscapeLeft UIInterfaceOrientationLandscapeRight";
				LD_RUNPATH_SEARCH_PATHS = (
					"$(inherited)",
					"@executable_path/Frameworks",
				);
				MARKETING_VERSION = 1.0;
				PRODUCT_BUNDLE_IDENTIFIER = com.github.seonghooony.Diary;
				PRODUCT_NAME = "$(TARGET_NAME)";
				SWIFT_EMIT_LOC_STRINGS = YES;
				SWIFT_VERSION = 5.0;
				TARGETED_DEVICE_FAMILY = "1,2";
			};
			name = Debug;
		};
		DBF7DF0E274DE96600F9F28F /* Release */ = {
			isa = XCBuildConfiguration;
			buildSettings = {
				ASSETCATALOG_COMPILER_APPICON_NAME = AppIcon;
				ASSETCATALOG_COMPILER_GLOBAL_ACCENT_COLOR_NAME = AccentColor;
				CODE_SIGN_STYLE = Automatic;
				CURRENT_PROJECT_VERSION = 1;
				DEVELOPMENT_TEAM = H95MAPX5SG;
				GENERATE_INFOPLIST_FILE = YES;
				INFOPLIST_FILE = Diary/Info.plist;
				INFOPLIST_KEY_UIApplicationSupportsIndirectInputEvents = YES;
				INFOPLIST_KEY_UILaunchStoryboardName = LaunchScreen;
				INFOPLIST_KEY_UIMainStoryboardFile = Main;
				INFOPLIST_KEY_UISupportedInterfaceOrientations_iPad = "UIInterfaceOrientationPortrait UIInterfaceOrientationPortraitUpsideDown UIInterfaceOrientationLandscapeLeft UIInterfaceOrientationLandscapeRight";
				INFOPLIST_KEY_UISupportedInterfaceOrientations_iPhone = "UIInterfaceOrientationPortrait UIInterfaceOrientationLandscapeLeft UIInterfaceOrientationLandscapeRight";
				LD_RUNPATH_SEARCH_PATHS = (
					"$(inherited)",
					"@executable_path/Frameworks",
				);
				MARKETING_VERSION = 1.0;
				PRODUCT_BUNDLE_IDENTIFIER = com.github.seonghooony.Diary;
				PRODUCT_NAME = "$(TARGET_NAME)";
				SWIFT_EMIT_LOC_STRINGS = YES;
				SWIFT_VERSION = 5.0;
				TARGETED_DEVICE_FAMILY = "1,2";
			};
			name = Release;
		};
/* End XCBuildConfiguration section */

/* Begin XCConfigurationList section */
		DBF7DEF3274DE96600F9F28F /* Build configuration list for PBXProject "Diary" */ = {
			isa = XCConfigurationList;
			buildConfigurations = (
				DBF7DF0A274DE96600F9F28F /* Debug */,
				DBF7DF0B274DE96600F9F28F /* Release */,
			);
			defaultConfigurationIsVisible = 0;
			defaultConfigurationName = Release;
		};
		DBF7DF0C274DE96600F9F28F /* Build configuration list for PBXNativeTarget "Diary" */ = {
			isa = XCConfigurationList;
			buildConfigurations = (
				DBF7DF0D274DE96600F9F28F /* Debug */,
				DBF7DF0E274DE96600F9F28F /* Release */,
			);
			defaultConfigurationIsVisible = 0;
			defaultConfigurationName = Release;
		};
/* End XCConfigurationList section */
	};
	rootObject = DBF7DEF0274DE96600F9F28F /* Project object */;
}
