// !$*UTF8*$!
{
	archiveVersion = 1;
	classes = {
	};
	objectVersion = 55;
	objects = {

/* Begin PBXBuildFile section */
		DBF7DF92276055FD00F9F28F /* AppDelegate.swift in Sources */ = {isa = PBXBuildFile; fileRef = DBF7DF91276055FD00F9F28F /* AppDelegate.swift */; };
		DBF7DF94276055FD00F9F28F /* SceneDelegate.swift in Sources */ = {isa = PBXBuildFile; fileRef = DBF7DF93276055FD00F9F28F /* SceneDelegate.swift */; };
		DBF7DF99276055FD00F9F28F /* Main.storyboard in Resources */ = {isa = PBXBuildFile; fileRef = DBF7DF97276055FD00F9F28F /* Main.storyboard */; };
		DBF7DF9B276055FE00F9F28F /* Assets.xcassets in Resources */ = {isa = PBXBuildFile; fileRef = DBF7DF9A276055FE00F9F28F /* Assets.xcassets */; };
		DBF7DF9E276055FE00F9F28F /* LaunchScreen.storyboard in Resources */ = {isa = PBXBuildFile; fileRef = DBF7DF9C276055FE00F9F28F /* LaunchScreen.storyboard */; };
		DBF7DFA62760564900F9F28F /* LoginViewController.swift in Sources */ = {isa = PBXBuildFile; fileRef = DBF7DFA52760564900F9F28F /* LoginViewController.swift */; };
		DBF7DFA82761E7BD00F9F28F /* EnterEmailViewController.swift in Sources */ = {isa = PBXBuildFile; fileRef = DBF7DFA72761E7BD00F9F28F /* EnterEmailViewController.swift */; };
		DBF7DFAA2761ED1E00F9F28F /* MainViewController.swift in Sources */ = {isa = PBXBuildFile; fileRef = DBF7DFA92761ED1E00F9F28F /* MainViewController.swift */; };
		DBF7DFAC2761F2C300F9F28F /* GoogleService-Info.plist in Resources */ = {isa = PBXBuildFile; fileRef = DBF7DFAB2761F2C300F9F28F /* GoogleService-Info.plist */; };
		F1A97ED350A995F94F26E6CA /* Pods_FirebaseLoginSampleApp.framework in Frameworks */ = {isa = PBXBuildFile; fileRef = 27C9F45507082A0A320C9B6B /* Pods_FirebaseLoginSampleApp.framework */; };
/* End PBXBuildFile section */

/* Begin PBXFileReference section */
		27C9F45507082A0A320C9B6B /* Pods_FirebaseLoginSampleApp.framework */ = {isa = PBXFileReference; explicitFileType = wrapper.framework; includeInIndex = 0; path = Pods_FirebaseLoginSampleApp.framework; sourceTree = BUILT_PRODUCTS_DIR; };
		428D8B20DF88160B97121E2A /* Pods-FirebaseLoginSampleApp.release.xcconfig */ = {isa = PBXFileReference; includeInIndex = 1; lastKnownFileType = text.xcconfig; name = "Pods-FirebaseLoginSampleApp.release.xcconfig"; path = "Target Support Files/Pods-FirebaseLoginSampleApp/Pods-FirebaseLoginSampleApp.release.xcconfig"; sourceTree = "<group>"; };
		C797E68E1331634731B715E7 /* Pods-FirebaseLoginSampleApp.debug.xcconfig */ = {isa = PBXFileReference; includeInIndex = 1; lastKnownFileType = text.xcconfig; name = "Pods-FirebaseLoginSampleApp.debug.xcconfig"; path = "Target Support Files/Pods-FirebaseLoginSampleApp/Pods-FirebaseLoginSampleApp.debug.xcconfig"; sourceTree = "<group>"; };
		DBF7DF8E276055FD00F9F28F /* FirebaseLoginSampleApp.app */ = {isa = PBXFileReference; explicitFileType = wrapper.application; includeInIndex = 0; path = FirebaseLoginSampleApp.app; sourceTree = BUILT_PRODUCTS_DIR; };
		DBF7DF91276055FD00F9F28F /* AppDelegate.swift */ = {isa = PBXFileReference; lastKnownFileType = sourcecode.swift; path = AppDelegate.swift; sourceTree = "<group>"; };
		DBF7DF93276055FD00F9F28F /* SceneDelegate.swift */ = {isa = PBXFileReference; lastKnownFileType = sourcecode.swift; path = SceneDelegate.swift; sourceTree = "<group>"; };
		DBF7DF98276055FD00F9F28F /* Base */ = {isa = PBXFileReference; lastKnownFileType = file.storyboard; name = Base; path = Base.lproj/Main.storyboard; sourceTree = "<group>"; };
		DBF7DF9A276055FE00F9F28F /* Assets.xcassets */ = {isa = PBXFileReference; lastKnownFileType = folder.assetcatalog; path = Assets.xcassets; sourceTree = "<group>"; };
		DBF7DF9D276055FE00F9F28F /* Base */ = {isa = PBXFileReference; lastKnownFileType = file.storyboard; name = Base; path = Base.lproj/LaunchScreen.storyboard; sourceTree = "<group>"; };
		DBF7DF9F276055FE00F9F28F /* Info.plist */ = {isa = PBXFileReference; lastKnownFileType = text.plist.xml; path = Info.plist; sourceTree = "<group>"; };
		DBF7DFA52760564900F9F28F /* LoginViewController.swift */ = {isa = PBXFileReference; lastKnownFileType = sourcecode.swift; path = LoginViewController.swift; sourceTree = "<group>"; };
		DBF7DFA72761E7BD00F9F28F /* EnterEmailViewController.swift */ = {isa = PBXFileReference; lastKnownFileType = sourcecode.swift; path = EnterEmailViewController.swift; sourceTree = "<group>"; };
		DBF7DFA92761ED1E00F9F28F /* MainViewController.swift */ = {isa = PBXFileReference; lastKnownFileType = sourcecode.swift; path = MainViewController.swift; sourceTree = "<group>"; };
		DBF7DFAB2761F2C300F9F28F /* GoogleService-Info.plist */ = {isa = PBXFileReference; fileEncoding = 4; lastKnownFileType = text.plist.xml; path = "GoogleService-Info.plist"; sourceTree = "<group>"; };
		DBF7DFAD276459FB00F9F28F /* FirebaseLoginSampleApp.entitlements */ = {isa = PBXFileReference; lastKnownFileType = text.plist.entitlements; path = FirebaseLoginSampleApp.entitlements; sourceTree = "<group>"; };
/* End PBXFileReference section */

/* Begin PBXFrameworksBuildPhase section */
		DBF7DF8B276055FD00F9F28F /* Frameworks */ = {
			isa = PBXFrameworksBuildPhase;
			buildActionMask = 2147483647;
			files = (
				F1A97ED350A995F94F26E6CA /* Pods_FirebaseLoginSampleApp.framework in Frameworks */,
			);
			runOnlyForDeploymentPostprocessing = 0;
		};
/* End PBXFrameworksBuildPhase section */

/* Begin PBXGroup section */
		07399DF8FD4519E1AC3B18A5 /* Frameworks */ = {
			isa = PBXGroup;
			children = (
				27C9F45507082A0A320C9B6B /* Pods_FirebaseLoginSampleApp.framework */,
			);
			name = Frameworks;
			sourceTree = "<group>";
		};
		8BD7553EA52AD38B018ECC1B /* Pods */ = {
			isa = PBXGroup;
			children = (
				C797E68E1331634731B715E7 /* Pods-FirebaseLoginSampleApp.debug.xcconfig */,
				428D8B20DF88160B97121E2A /* Pods-FirebaseLoginSampleApp.release.xcconfig */,
			);
			path = Pods;
			sourceTree = "<group>";
		};
		DBF7DF85276055FD00F9F28F = {
			isa = PBXGroup;
			children = (
				DBF7DF90276055FD00F9F28F /* FirebaseLoginSampleApp */,
				DBF7DF8F276055FD00F9F28F /* Products */,
				8BD7553EA52AD38B018ECC1B /* Pods */,
				07399DF8FD4519E1AC3B18A5 /* Frameworks */,
			);
			sourceTree = "<group>";
		};
		DBF7DF8F276055FD00F9F28F /* Products */ = {
			isa = PBXGroup;
			children = (
				DBF7DF8E276055FD00F9F28F /* FirebaseLoginSampleApp.app */,
			);
			name = Products;
			sourceTree = "<group>";
		};
		DBF7DF90276055FD00F9F28F /* FirebaseLoginSampleApp */ = {
			isa = PBXGroup;
			children = (
				DBF7DFAD276459FB00F9F28F /* FirebaseLoginSampleApp.entitlements */,
				DBF7DF91276055FD00F9F28F /* AppDelegate.swift */,
				DBF7DF93276055FD00F9F28F /* SceneDelegate.swift */,
				DBF7DF97276055FD00F9F28F /* Main.storyboard */,
				DBF7DFA52760564900F9F28F /* LoginViewController.swift */,
				DBF7DFA72761E7BD00F9F28F /* EnterEmailViewController.swift */,
				DBF7DFA92761ED1E00F9F28F /* MainViewController.swift */,
				DBF7DF9A276055FE00F9F28F /* Assets.xcassets */,
				DBF7DF9C276055FE00F9F28F /* LaunchScreen.storyboard */,
				DBF7DF9F276055FE00F9F28F /* Info.plist */,
				DBF7DFAB2761F2C300F9F28F /* GoogleService-Info.plist */,
			);
			path = FirebaseLoginSampleApp;
			sourceTree = "<group>";
		};
/* End PBXGroup section */

/* Begin PBXNativeTarget section */
		DBF7DF8D276055FD00F9F28F /* FirebaseLoginSampleApp */ = {
			isa = PBXNativeTarget;
			buildConfigurationList = DBF7DFA2276055FE00F9F28F /* Build configuration list for PBXNativeTarget "FirebaseLoginSampleApp" */;
			buildPhases = (
				9DA0106A3947B75A3E0D1109 /* [CP] Check Pods Manifest.lock */,
				DBF7DF8A276055FD00F9F28F /* Sources */,
				DBF7DF8B276055FD00F9F28F /* Frameworks */,
				DBF7DF8C276055FD00F9F28F /* Resources */,
				7E3E4501FC54661E3FD990D2 /* [CP] Embed Pods Frameworks */,
			);
			buildRules = (
			);
			dependencies = (
			);
			name = FirebaseLoginSampleApp;
			productName = FirebaseLoginSampleApp;
			productReference = DBF7DF8E276055FD00F9F28F /* FirebaseLoginSampleApp.app */;
			productType = "com.apple.product-type.application";
		};
/* End PBXNativeTarget section */

/* Begin PBXProject section */
		DBF7DF86276055FD00F9F28F /* Project object */ = {
			isa = PBXProject;
			attributes = {
				BuildIndependentTargetsInParallel = 1;
				LastSwiftUpdateCheck = 1310;
				LastUpgradeCheck = 1310;
				TargetAttributes = {
					DBF7DF8D276055FD00F9F28F = {
						CreatedOnToolsVersion = 13.1;
					};
				};
			};
			buildConfigurationList = DBF7DF89276055FD00F9F28F /* Build configuration list for PBXProject "FirebaseLoginSampleApp" */;
			compatibilityVersion = "Xcode 13.0";
			developmentRegion = en;
			hasScannedForEncodings = 0;
			knownRegions = (
				en,
				Base,
			);
			mainGroup = DBF7DF85276055FD00F9F28F;
			productRefGroup = DBF7DF8F276055FD00F9F28F /* Products */;
			projectDirPath = "";
			projectRoot = "";
			targets = (
				DBF7DF8D276055FD00F9F28F /* FirebaseLoginSampleApp */,
			);
		};
/* End PBXProject section */

/* Begin PBXResourcesBuildPhase section */
		DBF7DF8C276055FD00F9F28F /* Resources */ = {
			isa = PBXResourcesBuildPhase;
			buildActionMask = 2147483647;
			files = (
				DBF7DF9E276055FE00F9F28F /* LaunchScreen.storyboard in Resources */,
				DBF7DFAC2761F2C300F9F28F /* GoogleService-Info.plist in Resources */,
				DBF7DF9B276055FE00F9F28F /* Assets.xcassets in Resources */,
				DBF7DF99276055FD00F9F28F /* Main.storyboard in Resources */,
			);
			runOnlyForDeploymentPostprocessing = 0;
		};
/* End PBXResourcesBuildPhase section */

/* Begin PBXShellScriptBuildPhase section */
		7E3E4501FC54661E3FD990D2 /* [CP] Embed Pods Frameworks */ = {
			isa = PBXShellScriptBuildPhase;
			buildActionMask = 2147483647;
			files = (
			);
			inputFileListPaths = (
				"${PODS_ROOT}/Target Support Files/Pods-FirebaseLoginSampleApp/Pods-FirebaseLoginSampleApp-frameworks-${CONFIGURATION}-input-files.xcfilelist",
			);
			name = "[CP] Embed Pods Frameworks";
			outputFileListPaths = (
				"${PODS_ROOT}/Target Support Files/Pods-FirebaseLoginSampleApp/Pods-FirebaseLoginSampleApp-frameworks-${CONFIGURATION}-output-files.xcfilelist",
			);
			runOnlyForDeploymentPostprocessing = 0;
			shellPath = /bin/sh;
			shellScript = "\"${PODS_ROOT}/Target Support Files/Pods-FirebaseLoginSampleApp/Pods-FirebaseLoginSampleApp-frameworks.sh\"\n";
			showEnvVarsInLog = 0;
		};
		9DA0106A3947B75A3E0D1109 /* [CP] Check Pods Manifest.lock */ = {
			isa = PBXShellScriptBuildPhase;
			buildActionMask = 2147483647;
			files = (
			);
			inputFileListPaths = (
			);
			inputPaths = (
				"${PODS_PODFILE_DIR_PATH}/Podfile.lock",
				"${PODS_ROOT}/Manifest.lock",
			);
			name = "[CP] Check Pods Manifest.lock";
			outputFileListPaths = (
			);
			outputPaths = (
				"$(DERIVED_FILE_DIR)/Pods-FirebaseLoginSampleApp-checkManifestLockResult.txt",
			);
			runOnlyForDeploymentPostprocessing = 0;
			shellPath = /bin/sh;
			shellScript = "diff \"${PODS_PODFILE_DIR_PATH}/Podfile.lock\" \"${PODS_ROOT}/Manifest.lock\" > /dev/null\nif [ $? != 0 ] ; then\n    # print error to STDERR\n    echo \"error: The sandbox is not in sync with the Podfile.lock. Run 'pod install' or update your CocoaPods installation.\" >&2\n    exit 1\nfi\n# This output is used by Xcode 'outputs' to avoid re-running this script phase.\necho \"SUCCESS\" > \"${SCRIPT_OUTPUT_FILE_0}\"\n";
			showEnvVarsInLog = 0;
		};
/* End PBXShellScriptBuildPhase section */

/* Begin PBXSourcesBuildPhase section */
		DBF7DF8A276055FD00F9F28F /* Sources */ = {
			isa = PBXSourcesBuildPhase;
			buildActionMask = 2147483647;
			files = (
				DBF7DFA62760564900F9F28F /* LoginViewController.swift in Sources */,
				DBF7DF92276055FD00F9F28F /* AppDelegate.swift in Sources */,
				DBF7DFA82761E7BD00F9F28F /* EnterEmailViewController.swift in Sources */,
				DBF7DF94276055FD00F9F28F /* SceneDelegate.swift in Sources */,
				DBF7DFAA2761ED1E00F9F28F /* MainViewController.swift in Sources */,
			);
			runOnlyForDeploymentPostprocessing = 0;
		};
/* End PBXSourcesBuildPhase section */

/* Begin PBXVariantGroup section */
		DBF7DF97276055FD00F9F28F /* Main.storyboard */ = {
			isa = PBXVariantGroup;
			children = (
				DBF7DF98276055FD00F9F28F /* Base */,
			);
			name = Main.storyboard;
			sourceTree = "<group>";
		};
		DBF7DF9C276055FE00F9F28F /* LaunchScreen.storyboard */ = {
			isa = PBXVariantGroup;
			children = (
				DBF7DF9D276055FE00F9F28F /* Base */,
			);
			name = LaunchScreen.storyboard;
			sourceTree = "<group>";
		};
/* End PBXVariantGroup section */

/* Begin XCBuildConfiguration section */
		DBF7DFA0276055FE00F9F28F /* Debug */ = {
			isa = XCBuildConfiguration;
			buildSettings = {
				ALWAYS_SEARCH_USER_PATHS = NO;
				CLANG_ANALYZER_NONNULL = YES;
				CLANG_ANALYZER_NUMBER_OBJECT_CONVERSION = YES_AGGRESSIVE;
				CLANG_CXX_LANGUAGE_STANDARD = "gnu++17";
				CLANG_CXX_LIBRARY = "libc++";
				CLANG_ENABLE_MODULES = YES;
				CLANG_ENABLE_OBJC_ARC = YES;
				CLANG_ENABLE_OBJC_WEAK = YES;
				CLANG_WARN_BLOCK_CAPTURE_AUTORELEASING = YES;
				CLANG_WARN_BOOL_CONVERSION = YES;
				CLANG_WARN_COMMA = YES;
				CLANG_WARN_CONSTANT_CONVERSION = YES;
				CLANG_WARN_DEPRECATED_OBJC_IMPLEMENTATIONS = YES;
				CLANG_WARN_DIRECT_OBJC_ISA_USAGE = YES_ERROR;
				CLANG_WARN_DOCUMENTATION_COMMENTS = YES;
				CLANG_WARN_EMPTY_BODY = YES;
				CLANG_WARN_ENUM_CONVERSION = YES;
				CLANG_WARN_INFINITE_RECURSION = YES;
				CLANG_WARN_INT_CONVERSION = YES;
				CLANG_WARN_NON_LITERAL_NULL_CONVERSION = YES;
				CLANG_WARN_OBJC_IMPLICIT_RETAIN_SELF = YES;
				CLANG_WARN_OBJC_LITERAL_CONVERSION = YES;
				CLANG_WARN_OBJC_ROOT_CLASS = YES_ERROR;
				CLANG_WARN_QUOTED_INCLUDE_IN_FRAMEWORK_HEADER = YES;
				CLANG_WARN_RANGE_LOOP_ANALYSIS = YES;
				CLANG_WARN_STRICT_PROTOTYPES = YES;
				CLANG_WARN_SUSPICIOUS_MOVE = YES;
				CLANG_WARN_UNGUARDED_AVAILABILITY = YES_AGGRESSIVE;
				CLANG_WARN_UNREACHABLE_CODE = YES;
				CLANG_WARN__DUPLICATE_METHOD_MATCH = YES;
				COPY_PHASE_STRIP = NO;
				DEBUG_INFORMATION_FORMAT = dwarf;
				ENABLE_STRICT_OBJC_MSGSEND = YES;
				ENABLE_TESTABILITY = YES;
				GCC_C_LANGUAGE_STANDARD = gnu11;
				GCC_DYNAMIC_NO_PIC = NO;
				GCC_NO_COMMON_BLOCKS = YES;
				GCC_OPTIMIZATION_LEVEL = 0;
				GCC_PREPROCESSOR_DEFINITIONS = (
					"DEBUG=1",
					"$(inherited)",
				);
				GCC_WARN_64_TO_32_BIT_CONVERSION = YES;
				GCC_WARN_ABOUT_RETURN_TYPE = YES_ERROR;
				GCC_WARN_UNDECLARED_SELECTOR = YES;
				GCC_WARN_UNINITIALIZED_AUTOS = YES_AGGRESSIVE;
				GCC_WARN_UNUSED_FUNCTION = YES;
				GCC_WARN_UNUSED_VARIABLE = YES;
				IPHONEOS_DEPLOYMENT_TARGET = 15.0;
				MTL_ENABLE_DEBUG_INFO = INCLUDE_SOURCE;
				MTL_FAST_MATH = YES;
				ONLY_ACTIVE_ARCH = YES;
				SDKROOT = iphoneos;
				SWIFT_ACTIVE_COMPILATION_CONDITIONS = DEBUG;
				SWIFT_OPTIMIZATION_LEVEL = "-Onone";
			};
			name = Debug;
		};
		DBF7DFA1276055FE00F9F28F /* Release */ = {
			isa = XCBuildConfiguration;
			buildSettings = {
				ALWAYS_SEARCH_USER_PATHS = NO;
				CLANG_ANALYZER_NONNULL = YES;
				CLANG_ANALYZER_NUMBER_OBJECT_CONVERSION = YES_AGGRESSIVE;
				CLANG_CXX_LANGUAGE_STANDARD = "gnu++17";
				CLANG_CXX_LIBRARY = "libc++";
				CLANG_ENABLE_MODULES = YES;
				CLANG_ENABLE_OBJC_ARC = YES;
				CLANG_ENABLE_OBJC_WEAK = YES;
				CLANG_WARN_BLOCK_CAPTURE_AUTORELEASING = YES;
				CLANG_WARN_BOOL_CONVERSION = YES;
				CLANG_WARN_COMMA = YES;
				CLANG_WARN_CONSTANT_CONVERSION = YES;
				CLANG_WARN_DEPRECATED_OBJC_IMPLEMENTATIONS = YES;
				CLANG_WARN_DIRECT_OBJC_ISA_USAGE = YES_ERROR;
				CLANG_WARN_DOCUMENTATION_COMMENTS = YES;
				CLANG_WARN_EMPTY_BODY = YES;
				CLANG_WARN_ENUM_CONVERSION = YES;
				CLANG_WARN_INFINITE_RECURSION = YES;
				CLANG_WARN_INT_CONVERSION = YES;
				CLANG_WARN_NON_LITERAL_NULL_CONVERSION = YES;
				CLANG_WARN_OBJC_IMPLICIT_RETAIN_SELF = YES;
				CLANG_WARN_OBJC_LITERAL_CONVERSION = YES;
				CLANG_WARN_OBJC_ROOT_CLASS = YES_ERROR;
				CLANG_WARN_QUOTED_INCLUDE_IN_FRAMEWORK_HEADER = YES;
				CLANG_WARN_RANGE_LOOP_ANALYSIS = YES;
				CLANG_WARN_STRICT_PROTOTYPES = YES;
				CLANG_WARN_SUSPICIOUS_MOVE = YES;
				CLANG_WARN_UNGUARDED_AVAILABILITY = YES_AGGRESSIVE;
				CLANG_WARN_UNREACHABLE_CODE = YES;
				CLANG_WARN__DUPLICATE_METHOD_MATCH = YES;
				COPY_PHASE_STRIP = NO;
				DEBUG_INFORMATION_FORMAT = "dwarf-with-dsym";
				ENABLE_NS_ASSERTIONS = NO;
				ENABLE_STRICT_OBJC_MSGSEND = YES;
				GCC_C_LANGUAGE_STANDARD = gnu11;
				GCC_NO_COMMON_BLOCKS = YES;
				GCC_WARN_64_TO_32_BIT_CONVERSION = YES;
				GCC_WARN_ABOUT_RETURN_TYPE = YES_ERROR;
				GCC_WARN_UNDECLARED_SELECTOR = YES;
				GCC_WARN_UNINITIALIZED_AUTOS = YES_AGGRESSIVE;
				GCC_WARN_UNUSED_FUNCTION = YES;
				GCC_WARN_UNUSED_VARIABLE = YES;
				IPHONEOS_DEPLOYMENT_TARGET = 15.0;
				MTL_ENABLE_DEBUG_INFO = NO;
				MTL_FAST_MATH = YES;
				SDKROOT = iphoneos;
				SWIFT_COMPILATION_MODE = wholemodule;
				SWIFT_OPTIMIZATION_LEVEL = "-O";
				VALIDATE_PRODUCT = YES;
			};
			name = Release;
		};
		DBF7DFA3276055FE00F9F28F /* Debug */ = {
			isa = XCBuildConfiguration;
			baseConfigurationReference = C797E68E1331634731B715E7 /* Pods-FirebaseLoginSampleApp.debug.xcconfig */;
			buildSettings = {
				ASSETCATALOG_COMPILER_APPICON_NAME = AppIcon;
				ASSETCATALOG_COMPILER_GLOBAL_ACCENT_COLOR_NAME = AccentColor;
				CODE_SIGN_ENTITLEMENTS = FirebaseLoginSampleApp/FirebaseLoginSampleApp.entitlements;
				CODE_SIGN_STYLE = Automatic;
				CURRENT_PROJECT_VERSION = 1;
				DEVELOPMENT_TEAM = H95MAPX5SG;
				GENERATE_INFOPLIST_FILE = YES;
				INFOPLIST_FILE = FirebaseLoginSampleApp/Info.plist;
				INFOPLIST_KEY_UIApplicationSupportsIndirectInputEvents = YES;
				INFOPLIST_KEY_UILaunchStoryboardName = LaunchScreen;
				INFOPLIST_KEY_UIMainStoryboardFile = Main;
				INFOPLIST_KEY_UISupportedInterfaceOrientations_iPad = "UIInterfaceOrientationPortrait UIInterfaceOrientationPortraitUpsideDown UIInterfaceOrientationLandscapeLeft UIInterfaceOrientationLandscapeRight";
				INFOPLIST_KEY_UISupportedInterfaceOrientations_iPhone = "UIInterfaceOrientationPortrait UIInterfaceOrientationLandscapeLeft UIInterfaceOrientationLandscapeRight";
				LD_RUNPATH_SEARCH_PATHS = (
					"$(inherited)",
					"@executable_path/Frameworks",
				);
				MARKETING_VERSION = 1.0;
				PRODUCT_BUNDLE_IDENTIFIER = com.github.seonghooony.FirebaseLoginSampleApp;
				PRODUCT_NAME = "$(TARGET_NAME)";
				SWIFT_EMIT_LOC_STRINGS = YES;
				SWIFT_VERSION = 5.0;
				TARGETED_DEVICE_FAMILY = "1,2";
			};
			name = Debug;
		};
		DBF7DFA4276055FE00F9F28F /* Release */ = {
			isa = XCBuildConfiguration;
			baseConfigurationReference = 428D8B20DF88160B97121E2A /* Pods-FirebaseLoginSampleApp.release.xcconfig */;
			buildSettings = {
				ASSETCATALOG_COMPILER_APPICON_NAME = AppIcon;
				ASSETCATALOG_COMPILER_GLOBAL_ACCENT_COLOR_NAME = AccentColor;
				CODE_SIGN_ENTITLEMENTS = FirebaseLoginSampleApp/FirebaseLoginSampleApp.entitlements;
				CODE_SIGN_STYLE = Automatic;
				CURRENT_PROJECT_VERSION = 1;
				DEVELOPMENT_TEAM = H95MAPX5SG;
				GENERATE_INFOPLIST_FILE = YES;
				INFOPLIST_FILE = FirebaseLoginSampleApp/Info.plist;
				INFOPLIST_KEY_UIApplicationSupportsIndirectInputEvents = YES;
				INFOPLIST_KEY_UILaunchStoryboardName = LaunchScreen;
				INFOPLIST_KEY_UIMainStoryboardFile = Main;
				INFOPLIST_KEY_UISupportedInterfaceOrientations_iPad = "UIInterfaceOrientationPortrait UIInterfaceOrientationPortraitUpsideDown UIInterfaceOrientationLandscapeLeft UIInterfaceOrientationLandscapeRight";
				INFOPLIST_KEY_UISupportedInterfaceOrientations_iPhone = "UIInterfaceOrientationPortrait UIInterfaceOrientationLandscapeLeft UIInterfaceOrientationLandscapeRight";
				LD_RUNPATH_SEARCH_PATHS = (
					"$(inherited)",
					"@executable_path/Frameworks",
				);
				MARKETING_VERSION = 1.0;
				PRODUCT_BUNDLE_IDENTIFIER = com.github.seonghooony.FirebaseLoginSampleApp;
				PRODUCT_NAME = "$(TARGET_NAME)";
				SWIFT_EMIT_LOC_STRINGS = YES;
				SWIFT_VERSION = 5.0;
				TARGETED_DEVICE_FAMILY = "1,2";
			};
			name = Release;
		};
/* End XCBuildConfiguration section */

/* Begin XCConfigurationList section */
		DBF7DF89276055FD00F9F28F /* Build configuration list for PBXProject "FirebaseLoginSampleApp" */ = {
			isa = XCConfigurationList;
			buildConfigurations = (
				DBF7DFA0276055FE00F9F28F /* Debug */,
				DBF7DFA1276055FE00F9F28F /* Release */,
			);
			defaultConfigurationIsVisible = 0;
			defaultConfigurationName = Release;
		};
		DBF7DFA2276055FE00F9F28F /* Build configuration list for PBXNativeTarget "FirebaseLoginSampleApp" */ = {
			isa = XCConfigurationList;
			buildConfigurations = (
				DBF7DFA3276055FE00F9F28F /* Debug */,
				DBF7DFA4276055FE00F9F28F /* Release */,
			);
			defaultConfigurationIsVisible = 0;
			defaultConfigurationName = Release;
		};
/* End XCConfigurationList section */
	};
	rootObject = DBF7DF86276055FD00F9F28F /* Project object */;
}
